// !$*UTF8*$!
{
	archiveVersion = 1;
	classes = {
	};
	objectVersion = 46;
	objects = {

/* Begin PBXBuildFile section */
		8C0C66031FF47F4400E679A8 /* AppDelegate.swift in Sources */ = {isa = PBXBuildFile; fileRef = 8C0C66021FF47F4400E679A8 /* AppDelegate.swift */; };
		8C0C66051FF47F4400E679A8 /* ViewController.swift in Sources */ = {isa = PBXBuildFile; fileRef = 8C0C66041FF47F4400E679A8 /* ViewController.swift */; };
		8C0C66081FF47F4400E679A8 /* Main.storyboard in Resources */ = {isa = PBXBuildFile; fileRef = 8C0C66061FF47F4400E679A8 /* Main.storyboard */; };
		8C0C660B1FF47F4400E679A8 /* Core_Data_Persistence.xcdatamodeld in Sources */ = {isa = PBXBuildFile; fileRef = 8C0C66091FF47F4400E679A8 /* Core_Data_Persistence.xcdatamodeld */; };
		8C0C660D1FF47F4400E679A8 /* Assets.xcassets in Resources */ = {isa = PBXBuildFile; fileRef = 8C0C660C1FF47F4400E679A8 /* Assets.xcassets */; };
		8C0C66101FF47F4400E679A8 /* LaunchScreen.storyboard in Resources */ = {isa = PBXBuildFile; fileRef = 8C0C660E1FF47F4400E679A8 /* LaunchScreen.storyboard */; };
		8C7C9EAC1FF9BC5600136648 /* TaskViewController.swift in Sources */ = {isa = PBXBuildFile; fileRef = 8C7C9EAB1FF9BC5600136648 /* TaskViewController.swift */; };
/* End PBXBuildFile section */

/* Begin PBXFileReference section */
		8C0C65FF1FF47F4400E679A8 /* PoliPoli-Alpha.app */ = {isa = PBXFileReference; explicitFileType = wrapper.application; includeInIndex = 0; path = "PoliPoli-Alpha.app"; sourceTree = BUILT_PRODUCTS_DIR; };
		8C0C66021FF47F4400E679A8 /* AppDelegate.swift */ = {isa = PBXFileReference; lastKnownFileType = sourcecode.swift; path = AppDelegate.swift; sourceTree = "<group>"; };
		8C0C66041FF47F4400E679A8 /* ViewController.swift */ = {isa = PBXFileReference; lastKnownFileType = sourcecode.swift; path = ViewController.swift; sourceTree = "<group>"; };
		8C0C66071FF47F4400E679A8 /* Base */ = {isa = PBXFileReference; lastKnownFileType = file.storyboard; name = Base; path = Base.lproj/Main.storyboard; sourceTree = "<group>"; };
		8C0C660A1FF47F4400E679A8 /* Core_Data_Persistence.xcdatamodel */ = {isa = PBXFileReference; lastKnownFileType = wrapper.xcdatamodel; path = Core_Data_Persistence.xcdatamodel; sourceTree = "<group>"; };
		8C0C660C1FF47F4400E679A8 /* Assets.xcassets */ = {isa = PBXFileReference; lastKnownFileType = folder.assetcatalog; path = Assets.xcassets; sourceTree = "<group>"; };
		8C0C660F1FF47F4400E679A8 /* Base */ = {isa = PBXFileReference; lastKnownFileType = file.storyboard; name = Base; path = Base.lproj/LaunchScreen.storyboard; sourceTree = "<group>"; };
		8C0C66111FF47F4400E679A8 /* Info.plist */ = {isa = PBXFileReference; lastKnownFileType = text.plist.xml; path = Info.plist; sourceTree = "<group>"; };
		8C7C9EAB1FF9BC5600136648 /* TaskViewController.swift */ = {isa = PBXFileReference; fileEncoding = 4; lastKnownFileType = sourcecode.swift; path = TaskViewController.swift; sourceTree = "<group>"; };
/* End PBXFileReference section */

/* Begin PBXFrameworksBuildPhase section */
		8C0C65FC1FF47F4400E679A8 /* Frameworks */ = {
			isa = PBXFrameworksBuildPhase;
			buildActionMask = 2147483647;
			files = (
			);
			runOnlyForDeploymentPostprocessing = 0;
		};
/* End PBXFrameworksBuildPhase section */

/* Begin PBXGroup section */
		8C0C65F61FF47F4400E679A8 = {
			isa = PBXGroup;
			children = (
				8C0C66011FF47F4400E679A8 /* PoliPoli-Alpha */,
				8C0C66001FF47F4400E679A8 /* Products */,
			);
			sourceTree = "<group>";
		};
		8C0C66001FF47F4400E679A8 /* Products */ = {
			isa = PBXGroup;
			children = (
				8C0C65FF1FF47F4400E679A8 /* PoliPoli-Alpha.app */,
			);
			name = Products;
			sourceTree = "<group>";
		};
		8C0C66011FF47F4400E679A8 /* PoliPoli-Alpha */ = {
			isa = PBXGroup;
			children = (
				8C0C66021FF47F4400E679A8 /* AppDelegate.swift */,
				8C0C66041FF47F4400E679A8 /* ViewController.swift */,
				8C0C66061FF47F4400E679A8 /* Main.storyboard */,
				8C7C9EAB1FF9BC5600136648 /* TaskViewController.swift */,
				8C0C660C1FF47F4400E679A8 /* Assets.xcassets */,
				8C0C660E1FF47F4400E679A8 /* LaunchScreen.storyboard */,
				8C0C66111FF47F4400E679A8 /* Info.plist */,
				8C0C66091FF47F4400E679A8 /* Core_Data_Persistence.xcdatamodeld */,
			);
			path = "PoliPoli-Alpha";
			sourceTree = "<group>";
		};
/* End PBXGroup section */

/* Begin PBXNativeTarget section */
		8C0C65FE1FF47F4400E679A8 /* PoliPoli-Alpha */ = {
			isa = PBXNativeTarget;
			buildConfigurationList = 8C0C66141FF47F4400E679A8 /* Build configuration list for PBXNativeTarget "PoliPoli-Alpha" */;
			buildPhases = (
				8C0C65FB1FF47F4400E679A8 /* Sources */,
				8C0C65FC1FF47F4400E679A8 /* Frameworks */,
				8C0C65FD1FF47F4400E679A8 /* Resources */,
			);
			buildRules = (
			);
			dependencies = (
			);
			name = "PoliPoli-Alpha";
			productName = "Core Data Persistence";
			productReference = 8C0C65FF1FF47F4400E679A8 /* PoliPoli-Alpha.app */;
			productType = "com.apple.product-type.application";
		};
/* End PBXNativeTarget section */

/* Begin PBXProject section */
		8C0C65F71FF47F4400E679A8 /* Project object */ = {
			isa = PBXProject;
			attributes = {
				LastSwiftUpdateCheck = 0820;
				LastUpgradeCheck = 0820;
				ORGANIZATIONNAME = "Becko's Inc.";
				TargetAttributes = {
					8C0C65FE1FF47F4400E679A8 = {
						CreatedOnToolsVersion = 8.2.1;
						DevelopmentTeam = GY7BG2G9TC;
						ProvisioningStyle = Automatic;
					};
				};
			};
			buildConfigurationList = 8C0C65FA1FF47F4400E679A8 /* Build configuration list for PBXProject "PoliPoli-Alpha" */;
			compatibilityVersion = "Xcode 3.2";
			developmentRegion = English;
			hasScannedForEncodings = 0;
			knownRegions = (
				en,
				Base,
			);
			mainGroup = 8C0C65F61FF47F4400E679A8;
			productRefGroup = 8C0C66001FF47F4400E679A8 /* Products */;
			projectDirPath = "";
			projectRoot = "";
			targets = (
				8C0C65FE1FF47F4400E679A8 /* PoliPoli-Alpha */,
			);
		};
/* End PBXProject section */

/* Begin PBXResourcesBuildPhase section */
		8C0C65FD1FF47F4400E679A8 /* Resources */ = {
			isa = PBXResourcesBuildPhase;
			buildActionMask = 2147483647;
			files = (
				8C0C66101FF47F4400E679A8 /* LaunchScreen.storyboard in Resources */,
				8C0C660D1FF47F4400E679A8 /* Assets.xcassets in Resources */,
				8C0C66081FF47F4400E679A8 /* Main.storyboard in Resources */,
			);
			runOnlyForDeploymentPostprocessing = 0;
		};
/* End PBXResourcesBuildPhase section */

/* Begin PBXSourcesBuildPhase section */
		8C0C65FB1FF47F4400E679A8 /* Sources */ = {
			isa = PBXSourcesBuildPhase;
			buildActionMask = 2147483647;
			files = (
				8C0C66051FF47F4400E679A8 /* ViewController.swift in Sources */,
				8C7C9EAC1FF9BC5600136648 /* TaskViewController.swift in Sources */,
				8C0C66031FF47F4400E679A8 /* AppDelegate.swift in Sources */,
				8C0C660B1FF47F4400E679A8 /* Core_Data_Persistence.xcdatamodeld in Sources */,
			);
			runOnlyForDeploymentPostprocessing = 0;
		};
/* End PBXSourcesBuildPhase section */

/* Begin PBXVariantGroup section */
		8C0C66061FF47F4400E679A8 /* Main.storyboard */ = {
			isa = PBXVariantGroup;
			children = (
				8C0C66071FF47F4400E679A8 /* Base */,
			);
			name = Main.storyboard;
			sourceTree = "<group>";
		};
		8C0C660E1FF47F4400E679A8 /* LaunchScreen.storyboard */ = {
			isa = PBXVariantGroup;
			children = (
				8C0C660F1FF47F4400E679A8 /* Base */,
			);
			name = LaunchScreen.storyboard;
			sourceTree = "<group>";
		};
/* End PBXVariantGroup section */

/* Begin XCBuildConfiguration section */
		8C0C66121FF47F4400E679A8 /* Debug */ = {
			isa = XCBuildConfiguration;
			buildSettings = {
				ALWAYS_SEARCH_USER_PATHS = NO;
				CLANG_ANALYZER_NONNULL = YES;
				CLANG_CXX_LANGUAGE_STANDARD = "gnu++0x";
				CLANG_CXX_LIBRARY = "libc++";
				CLANG_ENABLE_MODULES = YES;
				CLANG_ENABLE_OBJC_ARC = YES;
				CLANG_WARN_BOOL_CONVERSION = YES;
				CLANG_WARN_CONSTANT_CONVERSION = YES;
				CLANG_WARN_DIRECT_OBJC_ISA_USAGE = YES_ERROR;
				CLANG_WARN_DOCUMENTATION_COMMENTS = YES;
				CLANG_WARN_EMPTY_BODY = YES;
				CLANG_WARN_ENUM_CONVERSION = YES;
				CLANG_WARN_INFINITE_RECURSION = YES;
				CLANG_WARN_INT_CONVERSION = YES;
				CLANG_WARN_OBJC_ROOT_CLASS = YES_ERROR;
				CLANG_WARN_SUSPICIOUS_MOVE = YES;
				CLANG_WARN_UNREACHABLE_CODE = YES;
				CLANG_WARN__DUPLICATE_METHOD_MATCH = YES;
				"CODE_SIGN_IDENTITY[sdk=iphoneos*]" = "iPhone Developer";
				COPY_PHASE_STRIP = NO;
				DEBUG_INFORMATION_FORMAT = dwarf;
				ENABLE_STRICT_OBJC_MSGSEND = YES;
				ENABLE_TESTABILITY = YES;
				GCC_C_LANGUAGE_STANDARD = gnu99;
				GCC_DYNAMIC_NO_PIC = NO;
				GCC_NO_COMMON_BLOCKS = YES;
				GCC_OPTIMIZATION_LEVEL = 0;
				GCC_PREPROCESSOR_DEFINITIONS = (
					"DEBUG=1",
					"$(inherited)",
				);
				GCC_WARN_64_TO_32_BIT_CONVERSION = YES;
				GCC_WARN_ABOUT_RETURN_TYPE = YES_ERROR;
				GCC_WARN_UNDECLARED_SELECTOR = YES;
				GCC_WARN_UNINITIALIZED_AUTOS = YES_AGGRESSIVE;
				GCC_WARN_UNUSED_FUNCTION = YES;
				GCC_WARN_UNUSED_VARIABLE = YES;
				IPHONEOS_DEPLOYMENT_TARGET = 10.2;
				MTL_ENABLE_DEBUG_INFO = YES;
				ONLY_ACTIVE_ARCH = YES;
				SDKROOT = iphoneos;
				SWIFT_ACTIVE_COMPILATION_CONDITIONS = DEBUG;
				SWIFT_OPTIMIZATION_LEVEL = "-Onone";
				TARGETED_DEVICE_FAMILY = "1,2";
			};
			name = Debug;
		};
		8C0C66131FF47F4400E679A8 /* Release */ = {
			isa = XCBuildConfiguration;
			buildSettings = {
				ALWAYS_SEARCH_USER_PATHS = NO;
				CLANG_ANALYZER_NONNULL = YES;
				CLANG_CXX_LANGUAGE_STANDARD = "gnu++0x";
				CLANG_CXX_LIBRARY = "libc++";
				CLANG_ENABLE_MODULES = YES;
				CLANG_ENABLE_OBJC_ARC = YES;
				CLANG_WARN_BOOL_CONVERSION = YES;
				CLANG_WARN_CONSTANT_CONVERSION = YES;
				CLANG_WARN_DIRECT_OBJC_ISA_USAGE = YES_ERROR;
				CLANG_WARN_DOCUMENTATION_COMMENTS = YES;
				CLANG_WARN_EMPTY_BODY = YES;
				CLANG_WARN_ENUM_CONVERSION = YES;
				CLANG_WARN_INFINITE_RECURSION = YES;
				CLANG_WARN_INT_CONVERSION = YES;
				CLANG_WARN_OBJC_ROOT_CLASS = YES_ERROR;
				CLANG_WARN_SUSPICIOUS_MOVE = YES;
				CLANG_WARN_UNREACHABLE_CODE = YES;
				CLANG_WARN__DUPLICATE_METHOD_MATCH = YES;
				"CODE_SIGN_IDENTITY[sdk=iphoneos*]" = "iPhone Developer";
				COPY_PHASE_STRIP = NO;
				DEBUG_INFORMATION_FORMAT = "dwarf-with-dsym";
				ENABLE_NS_ASSERTIONS = NO;
				ENABLE_STRICT_OBJC_MSGSEND = YES;
				GCC_C_LANGUAGE_STANDARD = gnu99;
				GCC_NO_COMMON_BLOCKS = YES;
				GCC_WARN_64_TO_32_BIT_CONVERSION = YES;
				GCC_WARN_ABOUT_RETURN_TYPE = YES_ERROR;
				GCC_WARN_UNDECLARED_SELECTOR = YES;
				GCC_WARN_UNINITIALIZED_AUTOS = YES_AGGRESSIVE;
				GCC_WARN_UNUSED_FUNCTION = YES;
				GCC_WARN_UNUSED_VARIABLE = YES;
				IPHONEOS_DEPLOYMENT_TARGET = 10.2;
				MTL_ENABLE_DEBUG_INFO = NO;
				SDKROOT = iphoneos;
				SWIFT_OPTIMIZATION_LEVEL = "-Owholemodule";
				TARGETED_DEVICE_FAMILY = "1,2";
				VALIDATE_PRODUCT = YES;
			};
			name = Release;
		};
		8C0C66151FF47F4400E679A8 /* Debug */ = {
			isa = XCBuildConfiguration;
			buildSettings = {
				ASSETCATALOG_COMPILER_APPICON_NAME = AppIcon;
				DEVELOPMENT_TEAM = GY7BG2G9TC;
				INFOPLIST_FILE = "PoliPoli-Alpha/Info.plist";
				LD_RUNPATH_SEARCH_PATHS = "$(inherited) @executable_path/Frameworks";
				PRODUCT_BUNDLE_IDENTIFIER = "com.beckos.PoliPoli-Alpha";
				PRODUCT_NAME = "$(TARGET_NAME)";
				SWIFT_VERSION = 3.0;
			};
			name = Debug;
		};
		8C0C66161FF47F4400E679A8 /* Release */ = {
			isa = XCBuildConfiguration;
			buildSettings = {
				ASSETCATALOG_COMPILER_APPICON_NAME = AppIcon;
				DEVELOPMENT_TEAM = GY7BG2G9TC;
				INFOPLIST_FILE = "PoliPoli-Alpha/Info.plist";
				LD_RUNPATH_SEARCH_PATHS = "$(inherited) @executable_path/Frameworks";
				PRODUCT_BUNDLE_IDENTIFIER = "com.beckos.PoliPoli-Alpha";
				PRODUCT_NAME = "$(TARGET_NAME)";
				SWIFT_VERSION = 3.0;
			};
			name = Release;
		};
/* End XCBuildConfiguration section */

/* Begin XCConfigurationList section */
		8C0C65FA1FF47F4400E679A8 /* Build configuration list for PBXProject "PoliPoli-Alpha" */ = {
			isa = XCConfigurationList;
			buildConfigurations = (
				8C0C66121FF47F4400E679A8 /* Debug */,
				8C0C66131FF47F4400E679A8 /* Release */,
			);
			defaultConfigurationIsVisible = 0;
			defaultConfigurationName = Release;
		};
		8C0C66141FF47F4400E679A8 /* Build configuration list for PBXNativeTarget "PoliPoli-Alpha" */ = {
			isa = XCConfigurationList;
			buildConfigurations = (
				8C0C66151FF47F4400E679A8 /* Debug */,
				8C0C66161FF47F4400E679A8 /* Release */,
			);
			defaultConfigurationIsVisible = 0;
			defaultConfigurationName = Release;
		};
/* End XCConfigurationList section */

/* Begin XCVersionGroup section */
		8C0C66091FF47F4400E679A8 /* Core_Data_Persistence.xcdatamodeld */ = {
			isa = XCVersionGroup;
			children = (
				8C0C660A1FF47F4400E679A8 /* Core_Data_Persistence.xcdatamodel */,
			);
			currentVersion = 8C0C660A1FF47F4400E679A8 /* Core_Data_Persistence.xcdatamodel */;
			path = Core_Data_Persistence.xcdatamodeld;
			sourceTree = "<group>";
			versionGroupType = wrapper.xcdatamodel;
		};
/* End XCVersionGroup section */
	};
	rootObject = 8C0C65F71FF47F4400E679A8 /* Project object */;
}
